Microsoft Visual Studio Solution File, Format Version 12.00
# Visual Studio Version 17
VisualStudioVersion = 17.0.31903.59
MinimumVisualStudioVersion = 10.0.40219.1
Project("{FAE04EC0-301F-11D3-BF4B-00C04F79EFBC}") = "NextInLine", "NextInLine.csproj", "{A37823E8-1FC3-479C-9801-A9970D146AF0}"
EndProject
Global
	GlobalSection(SolutionConfigurationPlatforms) = preSolution
		Debug|Any CPU = Debug|Any CPU
		Release|Any CPU = Release|Any CPU
	EndGlobalSection
	GlobalSection(SolutionProperties) = preSolution
		HideSolutionNode = FALSE
	EndGlobalSection
	GlobalSection(ProjectConfigurationPlatforms) = postSolution
		{A37823E8-1FC3-479C-9801-A9970D146AF0}.Debug|Any CPU.ActiveCfg = Debug|Any CPU
		{A37823E8-1FC3-479C-9801-A9970D146AF0}.Debug|Any CPU.Build.0 = Debug|Any CPU
		{A37823E8-1FC3-479C-9801-A9970D146AF0}.Release|Any CPU.ActiveCfg = Release|Any CPU
		{A37823E8-1FC3-479C-9801-A9970D146AF0}.Release|Any CPU.Build.0 = Release|Any CPU
	EndGlobalSection
EndGlobal
